// !$*UTF8*$!
{
	archiveVersion = 1;
	classes = {
	};
	objectVersion = 51;
	objects = {

/* Begin PBXBuildFile section */
		3279D0A8245CDAB300532610 /* GoogleService-Info.plist in Resources */ = {isa = PBXBuildFile; fileRef = 3279D0A7245CDAB300532610 /* GoogleService-Info.plist */; };
		328E25F7242C72180017464F /* ProfilePageViewController.swift in Sources */ = {isa = PBXBuildFile; fileRef = 328E25F6242C72180017464F /* ProfilePageViewController.swift */; };
		328E25F9242C75BF0017464F /* EventsHostedTableViewCell.swift in Sources */ = {isa = PBXBuildFile; fileRef = 328E25F8242C75BF0017464F /* EventsHostedTableViewCell.swift */; };
		328E25FB242C75CA0017464F /* EventsJoinedTableViewCell.swift in Sources */ = {isa = PBXBuildFile; fileRef = 328E25FA242C75CA0017464F /* EventsJoinedTableViewCell.swift */; };
		32BF1FC9242AFAD40021B918 /* VirtualPartyViewController.swift in Sources */ = {isa = PBXBuildFile; fileRef = 32BF1FC8242AFAD40021B918 /* VirtualPartyViewController.swift */; };
		32BF1FCD242B05070021B918 /* PostTableViewCell.swift in Sources */ = {isa = PBXBuildFile; fileRef = 32BF1FCC242B05070021B918 /* PostTableViewCell.swift */; };
		32BF1FCF242B08C40021B918 /* PartyTimeCollectionViewCell.swift in Sources */ = {isa = PBXBuildFile; fileRef = 32BF1FCE242B08C40021B918 /* PartyTimeCollectionViewCell.swift */; };
		32BF1FD1242C55F20021B918 /* PartyTypeCollectionViewCell.swift in Sources */ = {isa = PBXBuildFile; fileRef = 32BF1FD0242C55F20021B918 /* PartyTypeCollectionViewCell.swift */; };
		32BF1FD3242C570A0021B918 /* CreatePartyTypeViewController.swift in Sources */ = {isa = PBXBuildFile; fileRef = 32BF1FD2242C570A0021B918 /* CreatePartyTypeViewController.swift */; };
		32FA40B2242E943300F130D7 /* CreateYourFriendSpaceViewController.swift in Sources */ = {isa = PBXBuildFile; fileRef = 32FA40B1242E943300F130D7 /* CreateYourFriendSpaceViewController.swift */; };
		32FA40B4242E98AD00F130D7 /* FriendTableViewCell.swift in Sources */ = {isa = PBXBuildFile; fileRef = 32FA40B3242E98AD00F130D7 /* FriendTableViewCell.swift */; };
		32FA40B6242EE3B500F130D7 /* VoteTimeViewController.swift in Sources */ = {isa = PBXBuildFile; fileRef = 32FA40B5242EE3B500F130D7 /* VoteTimeViewController.swift */; };
		32FA40B8242EE62300F130D7 /* VoteTimeTableViewCell.swift in Sources */ = {isa = PBXBuildFile; fileRef = 32FA40B7242EE62300F130D7 /* VoteTimeTableViewCell.swift */; };
		33C5B176BDD34CF3F80035DB /* Pods_frmUTests.framework in Frameworks */ = {isa = PBXBuildFile; fileRef = 2E927D62EEE9E6E8E72E712E /* Pods_frmUTests.framework */; };
		8B92E0DB951939ED5ECCE5BC /* Pods_frmU.framework in Frameworks */ = {isa = PBXBuildFile; fileRef = C21F5CA8A5EFD20CE98DECEB /* Pods_frmU.framework */; };
		BAEB74B095CBCE109663C9CF /* Pods_frmU_frmUUITests.framework in Frameworks */ = {isa = PBXBuildFile; fileRef = 9E67DFC445BC54C759A58C5F /* Pods_frmU_frmUUITests.framework */; };
		C4186AE2245521DA005D5E7C /* CreateNewFSCollectionViewCell.swift in Sources */ = {isa = PBXBuildFile; fileRef = C4186AE1245521DA005D5E7C /* CreateNewFSCollectionViewCell.swift */; };
		C4186AE424552220005D5E7C /* TypeCollectionViewCell.swift in Sources */ = {isa = PBXBuildFile; fileRef = C4186AE324552220005D5E7C /* TypeCollectionViewCell.swift */; };
		C497F1E7242D5F3D00AC2F2B /* Message.swift in Sources */ = {isa = PBXBuildFile; fileRef = C497F1E6242D5F3D00AC2F2B /* Message.swift */; };
		C497F1E9242D5F6300AC2F2B /* Chat.swift in Sources */ = {isa = PBXBuildFile; fileRef = C497F1E8242D5F6300AC2F2B /* Chat.swift */; };
		C497F1ED242D7D1A00AC2F2B /* ChatViewController.swift in Sources */ = {isa = PBXBuildFile; fileRef = C497F1EC242D7D1A00AC2F2B /* ChatViewController.swift */; };
		D80B37F1242C1AFC0034660C /* MakeDetailViewController.swift in Sources */ = {isa = PBXBuildFile; fileRef = D80B37F0242C1AFC0034660C /* MakeDetailViewController.swift */; };
		D80B37F3242C1D7F0034660C /* ChooseDateTableViewCell.swift in Sources */ = {isa = PBXBuildFile; fileRef = D80B37F2242C1D7F0034660C /* ChooseDateTableViewCell.swift */; };
		D810D049245B86B6001E7DD9 /* FinalizeDateTableViewCell.swift in Sources */ = {isa = PBXBuildFile; fileRef = D810D048245B86B6001E7DD9 /* FinalizeDateTableViewCell.swift */; };
		D810D04B245B8723001E7DD9 /* FinalizeDateViewController.swift in Sources */ = {isa = PBXBuildFile; fileRef = D810D04A245B8723001E7DD9 /* FinalizeDateViewController.swift */; };
		D815E701242C88F100958B0C /* LoginViewController.swift in Sources */ = {isa = PBXBuildFile; fileRef = D815E700242C88F100958B0C /* LoginViewController.swift */; };
		D815E707242D924C00958B0C /* friendSpace.swift in Sources */ = {isa = PBXBuildFile; fileRef = D815E706242D924C00958B0C /* friendSpace.swift */; };
		D8EDC40C2429796E00043589 /* AppDelegate.swift in Sources */ = {isa = PBXBuildFile; fileRef = D8EDC40B2429796E00043589 /* AppDelegate.swift */; };
		D8EDC40E2429796E00043589 /* SceneDelegate.swift in Sources */ = {isa = PBXBuildFile; fileRef = D8EDC40D2429796E00043589 /* SceneDelegate.swift */; };
		D8EDC4132429796E00043589 /* Main.storyboard in Resources */ = {isa = PBXBuildFile; fileRef = D8EDC4112429796E00043589 /* Main.storyboard */; };
		D8EDC4162429796E00043589 /* frmU.xcdatamodeld in Sources */ = {isa = PBXBuildFile; fileRef = D8EDC4142429796E00043589 /* frmU.xcdatamodeld */; };
		D8EDC4182429797200043589 /* Assets.xcassets in Resources */ = {isa = PBXBuildFile; fileRef = D8EDC4172429797200043589 /* Assets.xcassets */; };
		D8EDC41B2429797200043589 /* LaunchScreen.storyboard in Resources */ = {isa = PBXBuildFile; fileRef = D8EDC4192429797200043589 /* LaunchScreen.storyboard */; };
		D8EDC4262429797200043589 /* frmUTests.swift in Sources */ = {isa = PBXBuildFile; fileRef = D8EDC4252429797200043589 /* frmUTests.swift */; };
		D8EDC4312429797200043589 /* frmUUITests.swift in Sources */ = {isa = PBXBuildFile; fileRef = D8EDC4302429797200043589 /* frmUUITests.swift */; };
		D8EDC447242AB1F600043589 /* PartyData.swift in Sources */ = {isa = PBXBuildFile; fileRef = D8EDC446242AB1F600043589 /* PartyData.swift */; };
		D8EDC449242ACAB300043589 /* User.swift in Sources */ = {isa = PBXBuildFile; fileRef = D8EDC448242ACAB300043589 /* User.swift */; };
/* End PBXBuildFile section */

/* Begin PBXContainerItemProxy section */
		D8EDC4222429797200043589 /* PBXContainerItemProxy */ = {
			isa = PBXContainerItemProxy;
			containerPortal = D8EDC4002429796E00043589 /* Project object */;
			proxyType = 1;
			remoteGlobalIDString = D8EDC4072429796E00043589;
			remoteInfo = frmU;
		};
		D8EDC42D2429797200043589 /* PBXContainerItemProxy */ = {
			isa = PBXContainerItemProxy;
			containerPortal = D8EDC4002429796E00043589 /* Project object */;
			proxyType = 1;
			remoteGlobalIDString = D8EDC4072429796E00043589;
			remoteInfo = frmU;
		};
/* End PBXContainerItemProxy section */

/* Begin PBXFileReference section */
		04E08814357B49B80419CF59 /* Pods-frmU.debug.xcconfig */ = {isa = PBXFileReference; includeInIndex = 1; lastKnownFileType = text.xcconfig; name = "Pods-frmU.debug.xcconfig"; path = "Target Support Files/Pods-frmU/Pods-frmU.debug.xcconfig"; sourceTree = "<group>"; };
		07ECACF0FD763F4F60A109C7 /* Pods-frmU-frmUUITests.release.xcconfig */ = {isa = PBXFileReference; includeInIndex = 1; lastKnownFileType = text.xcconfig; name = "Pods-frmU-frmUUITests.release.xcconfig"; path = "Target Support Files/Pods-frmU-frmUUITests/Pods-frmU-frmUUITests.release.xcconfig"; sourceTree = "<group>"; };
		1714032EE717A7CFE715E90C /* Pods-frmUTests.release.xcconfig */ = {isa = PBXFileReference; includeInIndex = 1; lastKnownFileType = text.xcconfig; name = "Pods-frmUTests.release.xcconfig"; path = "Target Support Files/Pods-frmUTests/Pods-frmUTests.release.xcconfig"; sourceTree = "<group>"; };
		278E9C1737862532FE89DDF2 /* Pods-frmU.release.xcconfig */ = {isa = PBXFileReference; includeInIndex = 1; lastKnownFileType = text.xcconfig; name = "Pods-frmU.release.xcconfig"; path = "Target Support Files/Pods-frmU/Pods-frmU.release.xcconfig"; sourceTree = "<group>"; };
		29F2A58231F3A590212C44CF /* Pods-frmUTests.debug.xcconfig */ = {isa = PBXFileReference; includeInIndex = 1; lastKnownFileType = text.xcconfig; name = "Pods-frmUTests.debug.xcconfig"; path = "Target Support Files/Pods-frmUTests/Pods-frmUTests.debug.xcconfig"; sourceTree = "<group>"; };
		2E927D62EEE9E6E8E72E712E /* Pods_frmUTests.framework */ = {isa = PBXFileReference; explicitFileType = wrapper.framework; includeInIndex = 0; path = Pods_frmUTests.framework; sourceTree = BUILT_PRODUCTS_DIR; };
		3279D0A7245CDAB300532610 /* GoogleService-Info.plist */ = {isa = PBXFileReference; fileEncoding = 4; lastKnownFileType = text.plist.xml; name = "GoogleService-Info.plist"; path = "../../GoogleService-Info.plist"; sourceTree = "<group>"; };
		328E25F6242C72180017464F /* ProfilePageViewController.swift */ = {isa = PBXFileReference; lastKnownFileType = sourcecode.swift; name = ProfilePageViewController.swift; path = frmU/ViewControllers/Make/ProfilePageViewController.swift; sourceTree = SOURCE_ROOT; };
		328E25F8242C75BF0017464F /* EventsHostedTableViewCell.swift */ = {isa = PBXFileReference; lastKnownFileType = sourcecode.swift; path = EventsHostedTableViewCell.swift; sourceTree = "<group>"; };
		328E25FA242C75CA0017464F /* EventsJoinedTableViewCell.swift */ = {isa = PBXFileReference; lastKnownFileType = sourcecode.swift; path = EventsJoinedTableViewCell.swift; sourceTree = "<group>"; };
		32BF1FC5242AFA6C0021B918 /* ViewController.swift */ = {isa = PBXFileReference; lastKnownFileType = sourcecode.swift; name = ViewController.swift; path = frmU/ViewControllers/ViewController.swift; sourceTree = SOURCE_ROOT; };
		32BF1FC8242AFAD40021B918 /* VirtualPartyViewController.swift */ = {isa = PBXFileReference; lastKnownFileType = sourcecode.swift; path = VirtualPartyViewController.swift; sourceTree = "<group>"; };
		32BF1FCC242B05070021B918 /* PostTableViewCell.swift */ = {isa = PBXFileReference; lastKnownFileType = sourcecode.swift; path = PostTableViewCell.swift; sourceTree = "<group>"; };
		32BF1FCE242B08C40021B918 /* PartyTimeCollectionViewCell.swift */ = {isa = PBXFileReference; lastKnownFileType = sourcecode.swift; path = PartyTimeCollectionViewCell.swift; sourceTree = "<group>"; };
		32BF1FD0242C55F20021B918 /* PartyTypeCollectionViewCell.swift */ = {isa = PBXFileReference; lastKnownFileType = sourcecode.swift; path = PartyTypeCollectionViewCell.swift; sourceTree = "<group>"; };
		32BF1FD2242C570A0021B918 /* CreatePartyTypeViewController.swift */ = {isa = PBXFileReference; lastKnownFileType = sourcecode.swift; path = CreatePartyTypeViewController.swift; sourceTree = "<group>"; };
		32FA40B1242E943300F130D7 /* CreateYourFriendSpaceViewController.swift */ = {isa = PBXFileReference; lastKnownFileType = sourcecode.swift; path = CreateYourFriendSpaceViewController.swift; sourceTree = "<group>"; };
		32FA40B3242E98AD00F130D7 /* FriendTableViewCell.swift */ = {isa = PBXFileReference; lastKnownFileType = sourcecode.swift; path = FriendTableViewCell.swift; sourceTree = "<group>"; };
		32FA40B5242EE3B500F130D7 /* VoteTimeViewController.swift */ = {isa = PBXFileReference; lastKnownFileType = sourcecode.swift; path = VoteTimeViewController.swift; sourceTree = "<group>"; };
		32FA40B7242EE62300F130D7 /* VoteTimeTableViewCell.swift */ = {isa = PBXFileReference; lastKnownFileType = sourcecode.swift; path = VoteTimeTableViewCell.swift; sourceTree = "<group>"; };
		9E67DFC445BC54C759A58C5F /* Pods_frmU_frmUUITests.framework */ = {isa = PBXFileReference; explicitFileType = wrapper.framework; includeInIndex = 0; path = Pods_frmU_frmUUITests.framework; sourceTree = BUILT_PRODUCTS_DIR; };
		BBC6ABC6159FA8CD9F669F4B /* Pods-frmU-frmUUITests.debug.xcconfig */ = {isa = PBXFileReference; includeInIndex = 1; lastKnownFileType = text.xcconfig; name = "Pods-frmU-frmUUITests.debug.xcconfig"; path = "Target Support Files/Pods-frmU-frmUUITests/Pods-frmU-frmUUITests.debug.xcconfig"; sourceTree = "<group>"; };
		C21F5CA8A5EFD20CE98DECEB /* Pods_frmU.framework */ = {isa = PBXFileReference; explicitFileType = wrapper.framework; includeInIndex = 0; path = Pods_frmU.framework; sourceTree = BUILT_PRODUCTS_DIR; };
		C4186AE1245521DA005D5E7C /* CreateNewFSCollectionViewCell.swift */ = {isa = PBXFileReference; lastKnownFileType = sourcecode.swift; path = CreateNewFSCollectionViewCell.swift; sourceTree = "<group>"; };
		C4186AE324552220005D5E7C /* TypeCollectionViewCell.swift */ = {isa = PBXFileReference; fileEncoding = 4; lastKnownFileType = sourcecode.swift; path = TypeCollectionViewCell.swift; sourceTree = "<group>"; };
		C497F1E6242D5F3D00AC2F2B /* Message.swift */ = {isa = PBXFileReference; lastKnownFileType = sourcecode.swift; path = Message.swift; sourceTree = "<group>"; };
		C497F1E8242D5F6300AC2F2B /* Chat.swift */ = {isa = PBXFileReference; lastKnownFileType = sourcecode.swift; path = Chat.swift; sourceTree = "<group>"; };
		C497F1EC242D7D1A00AC2F2B /* ChatViewController.swift */ = {isa = PBXFileReference; fileEncoding = 4; lastKnownFileType = sourcecode.swift; path = ChatViewController.swift; sourceTree = "<group>"; };
		D80B37F0242C1AFC0034660C /* MakeDetailViewController.swift */ = {isa = PBXFileReference; lastKnownFileType = sourcecode.swift; path = MakeDetailViewController.swift; sourceTree = "<group>"; };
		D80B37F2242C1D7F0034660C /* ChooseDateTableViewCell.swift */ = {isa = PBXFileReference; lastKnownFileType = sourcecode.swift; path = ChooseDateTableViewCell.swift; sourceTree = "<group>"; };
		D810D048245B86B6001E7DD9 /* FinalizeDateTableViewCell.swift */ = {isa = PBXFileReference; lastKnownFileType = sourcecode.swift; name = FinalizeDateTableViewCell.swift; path = frmU/View/FinalizeDateTableViewCell.swift; sourceTree = SOURCE_ROOT; };
		D810D04A245B8723001E7DD9 /* FinalizeDateViewController.swift */ = {isa = PBXFileReference; lastKnownFileType = sourcecode.swift; name = FinalizeDateViewController.swift; path = frmU/View/FinalizeDateViewController.swift; sourceTree = SOURCE_ROOT; };
		D815E700242C88F100958B0C /* LoginViewController.swift */ = {isa = PBXFileReference; lastKnownFileType = sourcecode.swift; path = LoginViewController.swift; sourceTree = "<group>"; };
		D815E706242D924C00958B0C /* friendSpace.swift */ = {isa = PBXFileReference; lastKnownFileType = sourcecode.swift; path = friendSpace.swift; sourceTree = "<group>"; };
		D8EDC4082429796E00043589 /* frmU.app */ = {isa = PBXFileReference; explicitFileType = wrapper.application; includeInIndex = 0; path = frmU.app; sourceTree = BUILT_PRODUCTS_DIR; };
		D8EDC40B2429796E00043589 /* AppDelegate.swift */ = {isa = PBXFileReference; lastKnownFileType = sourcecode.swift; path = AppDelegate.swift; sourceTree = "<group>"; };
		D8EDC40D2429796E00043589 /* SceneDelegate.swift */ = {isa = PBXFileReference; lastKnownFileType = sourcecode.swift; path = SceneDelegate.swift; sourceTree = "<group>"; };
		D8EDC4122429796E00043589 /* Base */ = {isa = PBXFileReference; lastKnownFileType = file.storyboard; name = Base; path = Base.lproj/Main.storyboard; sourceTree = "<group>"; };
		D8EDC4152429796E00043589 /* frmU.xcdatamodel */ = {isa = PBXFileReference; lastKnownFileType = wrapper.xcdatamodel; path = frmU.xcdatamodel; sourceTree = "<group>"; };
		D8EDC4172429797200043589 /* Assets.xcassets */ = {isa = PBXFileReference; lastKnownFileType = folder.assetcatalog; path = Assets.xcassets; sourceTree = "<group>"; };
		D8EDC41A2429797200043589 /* Base */ = {isa = PBXFileReference; lastKnownFileType = file.storyboard; name = Base; path = Base.lproj/LaunchScreen.storyboard; sourceTree = "<group>"; };
		D8EDC41C2429797200043589 /* Info.plist */ = {isa = PBXFileReference; lastKnownFileType = text.plist.xml; path = Info.plist; sourceTree = "<group>"; };
		D8EDC4212429797200043589 /* frmUTests.xctest */ = {isa = PBXFileReference; explicitFileType = wrapper.cfbundle; includeInIndex = 0; path = frmUTests.xctest; sourceTree = BUILT_PRODUCTS_DIR; };
		D8EDC4252429797200043589 /* frmUTests.swift */ = {isa = PBXFileReference; lastKnownFileType = sourcecode.swift; path = frmUTests.swift; sourceTree = "<group>"; };
		D8EDC4272429797200043589 /* Info.plist */ = {isa = PBXFileReference; lastKnownFileType = text.plist.xml; path = Info.plist; sourceTree = "<group>"; };
		D8EDC42C2429797200043589 /* frmUUITests.xctest */ = {isa = PBXFileReference; explicitFileType = wrapper.cfbundle; includeInIndex = 0; path = frmUUITests.xctest; sourceTree = BUILT_PRODUCTS_DIR; };
		D8EDC4302429797200043589 /* frmUUITests.swift */ = {isa = PBXFileReference; lastKnownFileType = sourcecode.swift; path = frmUUITests.swift; sourceTree = "<group>"; };
		D8EDC4322429797200043589 /* Info.plist */ = {isa = PBXFileReference; lastKnownFileType = text.plist.xml; path = Info.plist; sourceTree = "<group>"; };
		D8EDC446242AB1F600043589 /* PartyData.swift */ = {isa = PBXFileReference; lastKnownFileType = sourcecode.swift; path = PartyData.swift; sourceTree = "<group>"; };
		D8EDC448242ACAB300043589 /* User.swift */ = {isa = PBXFileReference; lastKnownFileType = sourcecode.swift; path = User.swift; sourceTree = "<group>"; };
/* End PBXFileReference section */

/* Begin PBXFrameworksBuildPhase section */
		D8EDC4052429796E00043589 /* Frameworks */ = {
			isa = PBXFrameworksBuildPhase;
			buildActionMask = 2147483647;
			files = (
				8B92E0DB951939ED5ECCE5BC /* Pods_frmU.framework in Frameworks */,
			);
			runOnlyForDeploymentPostprocessing = 0;
		};
		D8EDC41E2429797200043589 /* Frameworks */ = {
			isa = PBXFrameworksBuildPhase;
			buildActionMask = 2147483647;
			files = (
				33C5B176BDD34CF3F80035DB /* Pods_frmUTests.framework in Frameworks */,
			);
			runOnlyForDeploymentPostprocessing = 0;
		};
		D8EDC4292429797200043589 /* Frameworks */ = {
			isa = PBXFrameworksBuildPhase;
			buildActionMask = 2147483647;
			files = (
				BAEB74B095CBCE109663C9CF /* Pods_frmU_frmUUITests.framework in Frameworks */,
			);
			runOnlyForDeploymentPostprocessing = 0;
		};
/* End PBXFrameworksBuildPhase section */

/* Begin PBXGroup section */
		1A33B783956754ABDBA9D64D /* Pods */ = {
			isa = PBXGroup;
			children = (
				04E08814357B49B80419CF59 /* Pods-frmU.debug.xcconfig */,
				278E9C1737862532FE89DDF2 /* Pods-frmU.release.xcconfig */,
				BBC6ABC6159FA8CD9F669F4B /* Pods-frmU-frmUUITests.debug.xcconfig */,
				07ECACF0FD763F4F60A109C7 /* Pods-frmU-frmUUITests.release.xcconfig */,
				29F2A58231F3A590212C44CF /* Pods-frmUTests.debug.xcconfig */,
				1714032EE717A7CFE715E90C /* Pods-frmUTests.release.xcconfig */,
			);
			path = Pods;
			sourceTree = "<group>";
		};
		32BF1FC7242AFA8D0021B918 /* Parties */ = {
			isa = PBXGroup;
			children = (
				32BF1FC8242AFAD40021B918 /* VirtualPartyViewController.swift */,
				32FA40B5242EE3B500F130D7 /* VoteTimeViewController.swift */,
				32FA40B1242E943300F130D7 /* CreateYourFriendSpaceViewController.swift */,
				C497F1EC242D7D1A00AC2F2B /* ChatViewController.swift */,
			);
			path = Parties;
			sourceTree = "<group>";
		};
		6662CAE9E02137441A475DD5 /* Frameworks */ = {
			isa = PBXGroup;
			children = (
				C21F5CA8A5EFD20CE98DECEB /* Pods_frmU.framework */,
				9E67DFC445BC54C759A58C5F /* Pods_frmU_frmUUITests.framework */,
				2E927D62EEE9E6E8E72E712E /* Pods_frmUTests.framework */,
			);
			name = Frameworks;
			sourceTree = "<group>";
		};
		D8EDC3FF2429796E00043589 = {
			isa = PBXGroup;
			children = (
				D8EDC40A2429796E00043589 /* frmU */,
				D8EDC4242429797200043589 /* frmUTests */,
				D8EDC42F2429797200043589 /* frmUUITests */,
				D8EDC4092429796E00043589 /* Products */,
				1A33B783956754ABDBA9D64D /* Pods */,
				6662CAE9E02137441A475DD5 /* Frameworks */,
			);
			sourceTree = "<group>";
		};
		D8EDC4092429796E00043589 /* Products */ = {
			isa = PBXGroup;
			children = (
				D8EDC4082429796E00043589 /* frmU.app */,
				D8EDC4212429797200043589 /* frmUTests.xctest */,
				D8EDC42C2429797200043589 /* frmUUITests.xctest */,
			);
			name = Products;
			sourceTree = "<group>";
		};
		D8EDC40A2429796E00043589 /* frmU */ = {
			isa = PBXGroup;
			children = (
				D8EDC40B2429796E00043589 /* AppDelegate.swift */,
				D8EDC40D2429796E00043589 /* SceneDelegate.swift */,
				D8EDC440242AB0E500043589 /* Model */,
				D8EDC441242AB0F600043589 /* View */,
				D8EDC442242AB13700043589 /* ViewControllers */,
				D8EDC4172429797200043589 /* Assets.xcassets */,
				3279D0A7245CDAB300532610 /* GoogleService-Info.plist */,
				D8EDC41C2429797200043589 /* Info.plist */,
				D8EDC4142429796E00043589 /* frmU.xcdatamodeld */,
			);
			path = frmU;
			sourceTree = "<group>";
		};
		D8EDC4242429797200043589 /* frmUTests */ = {
			isa = PBXGroup;
			children = (
				D8EDC4252429797200043589 /* frmUTests.swift */,
				D8EDC4272429797200043589 /* Info.plist */,
			);
			path = frmUTests;
			sourceTree = "<group>";
		};
		D8EDC42F2429797200043589 /* frmUUITests */ = {
			isa = PBXGroup;
			children = (
				D8EDC4302429797200043589 /* frmUUITests.swift */,
				D8EDC4322429797200043589 /* Info.plist */,
			);
			path = frmUUITests;
			sourceTree = "<group>";
		};
		D8EDC440242AB0E500043589 /* Model */ = {
			isa = PBXGroup;
			children = (
				C497F1E6242D5F3D00AC2F2B /* Message.swift */,
				C497F1E8242D5F6300AC2F2B /* Chat.swift */,
				D8EDC446242AB1F600043589 /* PartyData.swift */,
				D8EDC448242ACAB300043589 /* User.swift */,
				D815E706242D924C00958B0C /* friendSpace.swift */,
			);
			path = Model;
			sourceTree = "<group>";
		};
		D8EDC441242AB0F600043589 /* View */ = {
			isa = PBXGroup;
			children = (
				D8EDC4112429796E00043589 /* Main.storyboard */,
				D8EDC4192429797200043589 /* LaunchScreen.storyboard */,
				C4186AE324552220005D5E7C /* TypeCollectionViewCell.swift */,
				C4186AE1245521DA005D5E7C /* CreateNewFSCollectionViewCell.swift */,
				32BF1FCC242B05070021B918 /* PostTableViewCell.swift */,
				328E25F8242C75BF0017464F /* EventsHostedTableViewCell.swift */,
				32FA40B7242EE62300F130D7 /* VoteTimeTableViewCell.swift */,
				328E25FA242C75CA0017464F /* EventsJoinedTableViewCell.swift */,
				32BF1FCE242B08C40021B918 /* PartyTimeCollectionViewCell.swift */,
				32BF1FD0242C55F20021B918 /* PartyTypeCollectionViewCell.swift */,
				32FA40B3242E98AD00F130D7 /* FriendTableViewCell.swift */,
			);
			path = View;
			sourceTree = "<group>";
		};
		D8EDC442242AB13700043589 /* ViewControllers */ = {
			isa = PBXGroup;
			children = (
				D815E700242C88F100958B0C /* LoginViewController.swift */,
				32BF1FC5242AFA6C0021B918 /* ViewController.swift */,
				32BF1FC7242AFA8D0021B918 /* Parties */,
				D8EDC444242AB15800043589 /* Make */,
				D8EDC445242AB15D00043589 /* You */,
			);
			path = ViewControllers;
			sourceTree = "<group>";
		};
		D8EDC444242AB15800043589 /* Make */ = {
			isa = PBXGroup;
			children = (
				D80B37F0242C1AFC0034660C /* MakeDetailViewController.swift */,
				D80B37F2242C1D7F0034660C /* ChooseDateTableViewCell.swift */,
				32BF1FD2242C570A0021B918 /* CreatePartyTypeViewController.swift */,
			);
			path = Make;
			sourceTree = "<group>";
		};
		D8EDC445242AB15D00043589 /* You */ = {
			isa = PBXGroup;
			children = (
				D810D04A245B8723001E7DD9 /* FinalizeDateViewController.swift */,
				D810D048245B86B6001E7DD9 /* FinalizeDateTableViewCell.swift */,
				328E25F6242C72180017464F /* ProfilePageViewController.swift */,
			);
			path = You;
			sourceTree = "<group>";
		};
/* End PBXGroup section */

/* Begin PBXNativeTarget section */
		D8EDC4072429796E00043589 /* frmU */ = {
			isa = PBXNativeTarget;
			buildConfigurationList = D8EDC4352429797200043589 /* Build configuration list for PBXNativeTarget "frmU" */;
			buildPhases = (
				4A7043AB3184E8F5CF963EAC /* [CP] Check Pods Manifest.lock */,
				D8EDC4042429796E00043589 /* Sources */,
				D8EDC4052429796E00043589 /* Frameworks */,
				D8EDC4062429796E00043589 /* Resources */,
				E53A032D1EFB13DA543A81ED /* [CP] Embed Pods Frameworks */,
				4B9929C3A6B7BA7F8808E700 /* [CP] Copy Pods Resources */,
			);
			buildRules = (
			);
			dependencies = (
			);
			name = frmU;
			productName = frmU;
			productReference = D8EDC4082429796E00043589 /* frmU.app */;
			productType = "com.apple.product-type.application";
		};
		D8EDC4202429797200043589 /* frmUTests */ = {
			isa = PBXNativeTarget;
			buildConfigurationList = D8EDC4382429797200043589 /* Build configuration list for PBXNativeTarget "frmUTests" */;
			buildPhases = (
				1EAEBDC73BE7BFC25F48BD15 /* [CP] Check Pods Manifest.lock */,
				D8EDC41D2429797200043589 /* Sources */,
				D8EDC41E2429797200043589 /* Frameworks */,
				D8EDC41F2429797200043589 /* Resources */,
			);
			buildRules = (
			);
			dependencies = (
				D8EDC4232429797200043589 /* PBXTargetDependency */,
			);
			name = frmUTests;
			productName = frmUTests;
			productReference = D8EDC4212429797200043589 /* frmUTests.xctest */;
			productType = "com.apple.product-type.bundle.unit-test";
		};
		D8EDC42B2429797200043589 /* frmUUITests */ = {
			isa = PBXNativeTarget;
			buildConfigurationList = D8EDC43B2429797200043589 /* Build configuration list for PBXNativeTarget "frmUUITests" */;
			buildPhases = (
				9A9C509E7CEEE0A1AB3EFC03 /* [CP] Check Pods Manifest.lock */,
				D8EDC4282429797200043589 /* Sources */,
				D8EDC4292429797200043589 /* Frameworks */,
				D8EDC42A2429797200043589 /* Resources */,
				5152E0E0D01B104459305EB8 /* [CP] Embed Pods Frameworks */,
				B15708E69A288C9D2C6F7022 /* [CP] Copy Pods Resources */,
			);
			buildRules = (
			);
			dependencies = (
				D8EDC42E2429797200043589 /* PBXTargetDependency */,
			);
			name = frmUUITests;
			productName = frmUUITests;
			productReference = D8EDC42C2429797200043589 /* frmUUITests.xctest */;
			productType = "com.apple.product-type.bundle.ui-testing";
		};
/* End PBXNativeTarget section */

/* Begin PBXProject section */
		D8EDC4002429796E00043589 /* Project object */ = {
			isa = PBXProject;
			attributes = {
				LastSwiftUpdateCheck = 1130;
				LastUpgradeCheck = 1130;
				ORGANIZATIONNAME = FRM;
				TargetAttributes = {
					D8EDC4072429796E00043589 = {
						CreatedOnToolsVersion = 11.3.1;
					};
					D8EDC4202429797200043589 = {
						CreatedOnToolsVersion = 11.3.1;
						TestTargetID = D8EDC4072429796E00043589;
					};
					D8EDC42B2429797200043589 = {
						CreatedOnToolsVersion = 11.3.1;
						TestTargetID = D8EDC4072429796E00043589;
					};
				};
			};
			buildConfigurationList = D8EDC4032429796E00043589 /* Build configuration list for PBXProject "frmU" */;
			compatibilityVersion = "Xcode 9.3";
			developmentRegion = en;
			hasScannedForEncodings = 0;
			knownRegions = (
				en,
				Base,
			);
			mainGroup = D8EDC3FF2429796E00043589;
			productRefGroup = D8EDC4092429796E00043589 /* Products */;
			projectDirPath = "";
			projectRoot = "";
			targets = (
				D8EDC4072429796E00043589 /* frmU */,
				D8EDC4202429797200043589 /* frmUTests */,
				D8EDC42B2429797200043589 /* frmUUITests */,
			);
		};
/* End PBXProject section */

/* Begin PBXResourcesBuildPhase section */
		D8EDC4062429796E00043589 /* Resources */ = {
			isa = PBXResourcesBuildPhase;
			buildActionMask = 2147483647;
			files = (
				D8EDC41B2429797200043589 /* LaunchScreen.storyboard in Resources */,
				3279D0A8245CDAB300532610 /* GoogleService-Info.plist in Resources */,
				D8EDC4182429797200043589 /* Assets.xcassets in Resources */,
				D8EDC4132429796E00043589 /* Main.storyboard in Resources */,
			);
			runOnlyForDeploymentPostprocessing = 0;
		};
		D8EDC41F2429797200043589 /* Resources */ = {
			isa = PBXResourcesBuildPhase;
			buildActionMask = 2147483647;
			files = (
			);
			runOnlyForDeploymentPostprocessing = 0;
		};
		D8EDC42A2429797200043589 /* Resources */ = {
			isa = PBXResourcesBuildPhase;
			buildActionMask = 2147483647;
			files = (
			);
			runOnlyForDeploymentPostprocessing = 0;
		};
/* End PBXResourcesBuildPhase section */

/* Begin PBXShellScriptBuildPhase section */
		1EAEBDC73BE7BFC25F48BD15 /* [CP] Check Pods Manifest.lock */ = {
			isa = PBXShellScriptBuildPhase;
			buildActionMask = 2147483647;
			files = (
			);
			inputFileListPaths = (
			);
			inputPaths = (
				"${PODS_PODFILE_DIR_PATH}/Podfile.lock",
				"${PODS_ROOT}/Manifest.lock",
			);
			name = "[CP] Check Pods Manifest.lock";
			outputFileListPaths = (
			);
			outputPaths = (
				"$(DERIVED_FILE_DIR)/Pods-frmUTests-checkManifestLockResult.txt",
			);
			runOnlyForDeploymentPostprocessing = 0;
			shellPath = /bin/sh;
			shellScript = "diff \"${PODS_PODFILE_DIR_PATH}/Podfile.lock\" \"${PODS_ROOT}/Manifest.lock\" > /dev/null\nif [ $? != 0 ] ; then\n    # print error to STDERR\n    echo \"error: The sandbox is not in sync with the Podfile.lock. Run 'pod install' or update your CocoaPods installation.\" >&2\n    exit 1\nfi\n# This output is used by Xcode 'outputs' to avoid re-running this script phase.\necho \"SUCCESS\" > \"${SCRIPT_OUTPUT_FILE_0}\"\n";
			showEnvVarsInLog = 0;
		};
		4A7043AB3184E8F5CF963EAC /* [CP] Check Pods Manifest.lock */ = {
			isa = PBXShellScriptBuildPhase;
			buildActionMask = 2147483647;
			files = (
			);
			inputFileListPaths = (
			);
			inputPaths = (
				"${PODS_PODFILE_DIR_PATH}/Podfile.lock",
				"${PODS_ROOT}/Manifest.lock",
			);
			name = "[CP] Check Pods Manifest.lock";
			outputFileListPaths = (
			);
			outputPaths = (
				"$(DERIVED_FILE_DIR)/Pods-frmU-checkManifestLockResult.txt",
			);
			runOnlyForDeploymentPostprocessing = 0;
			shellPath = /bin/sh;
			shellScript = "diff \"${PODS_PODFILE_DIR_PATH}/Podfile.lock\" \"${PODS_ROOT}/Manifest.lock\" > /dev/null\nif [ $? != 0 ] ; then\n    # print error to STDERR\n    echo \"error: The sandbox is not in sync with the Podfile.lock. Run 'pod install' or update your CocoaPods installation.\" >&2\n    exit 1\nfi\n# This output is used by Xcode 'outputs' to avoid re-running this script phase.\necho \"SUCCESS\" > \"${SCRIPT_OUTPUT_FILE_0}\"\n";
			showEnvVarsInLog = 0;
		};
		4B9929C3A6B7BA7F8808E700 /* [CP] Copy Pods Resources */ = {
			isa = PBXShellScriptBuildPhase;
			buildActionMask = 2147483647;
			files = (
			);
			inputFileListPaths = (
				"${PODS_ROOT}/Target Support Files/Pods-frmU/Pods-frmU-resources-${CONFIGURATION}-input-files.xcfilelist",
			);
			name = "[CP] Copy Pods Resources";
			outputFileListPaths = (
				"${PODS_ROOT}/Target Support Files/Pods-frmU/Pods-frmU-resources-${CONFIGURATION}-output-files.xcfilelist",
			);
			runOnlyForDeploymentPostprocessing = 0;
			shellPath = /bin/sh;
			shellScript = "\"${PODS_ROOT}/Target Support Files/Pods-frmU/Pods-frmU-resources.sh\"\n";
			showEnvVarsInLog = 0;
		};
		5152E0E0D01B104459305EB8 /* [CP] Embed Pods Frameworks */ = {
			isa = PBXShellScriptBuildPhase;
			buildActionMask = 2147483647;
			files = (
			);
			inputFileListPaths = (
				"${PODS_ROOT}/Target Support Files/Pods-frmU-frmUUITests/Pods-frmU-frmUUITests-frameworks-${CONFIGURATION}-input-files.xcfilelist",
			);
			name = "[CP] Embed Pods Frameworks";
			outputFileListPaths = (
				"${PODS_ROOT}/Target Support Files/Pods-frmU-frmUUITests/Pods-frmU-frmUUITests-frameworks-${CONFIGURATION}-output-files.xcfilelist",
			);
			runOnlyForDeploymentPostprocessing = 0;
			shellPath = /bin/sh;
			shellScript = "\"${PODS_ROOT}/Target Support Files/Pods-frmU-frmUUITests/Pods-frmU-frmUUITests-frameworks.sh\"\n";
			showEnvVarsInLog = 0;
		};
		9A9C509E7CEEE0A1AB3EFC03 /* [CP] Check Pods Manifest.lock */ = {
			isa = PBXShellScriptBuildPhase;
			buildActionMask = 2147483647;
			files = (
			);
			inputFileListPaths = (
			);
			inputPaths = (
				"${PODS_PODFILE_DIR_PATH}/Podfile.lock",
				"${PODS_ROOT}/Manifest.lock",
			);
			name = "[CP] Check Pods Manifest.lock";
			outputFileListPaths = (
			);
			outputPaths = (
				"$(DERIVED_FILE_DIR)/Pods-frmU-frmUUITests-checkManifestLockResult.txt",
			);
			runOnlyForDeploymentPostprocessing = 0;
			shellPath = /bin/sh;
			shellScript = "diff \"${PODS_PODFILE_DIR_PATH}/Podfile.lock\" \"${PODS_ROOT}/Manifest.lock\" > /dev/null\nif [ $? != 0 ] ; then\n    # print error to STDERR\n    echo \"error: The sandbox is not in sync with the Podfile.lock. Run 'pod install' or update your CocoaPods installation.\" >&2\n    exit 1\nfi\n# This output is used by Xcode 'outputs' to avoid re-running this script phase.\necho \"SUCCESS\" > \"${SCRIPT_OUTPUT_FILE_0}\"\n";
			showEnvVarsInLog = 0;
		};
		B15708E69A288C9D2C6F7022 /* [CP] Copy Pods Resources */ = {
			isa = PBXShellScriptBuildPhase;
			buildActionMask = 2147483647;
			files = (
			);
			inputFileListPaths = (
				"${PODS_ROOT}/Target Support Files/Pods-frmU-frmUUITests/Pods-frmU-frmUUITests-resources-${CONFIGURATION}-input-files.xcfilelist",
			);
			name = "[CP] Copy Pods Resources";
			outputFileListPaths = (
				"${PODS_ROOT}/Target Support Files/Pods-frmU-frmUUITests/Pods-frmU-frmUUITests-resources-${CONFIGURATION}-output-files.xcfilelist",
			);
			runOnlyForDeploymentPostprocessing = 0;
			shellPath = /bin/sh;
			shellScript = "\"${PODS_ROOT}/Target Support Files/Pods-frmU-frmUUITests/Pods-frmU-frmUUITests-resources.sh\"\n";
			showEnvVarsInLog = 0;
		};
		E53A032D1EFB13DA543A81ED /* [CP] Embed Pods Frameworks */ = {
			isa = PBXShellScriptBuildPhase;
			buildActionMask = 2147483647;
			files = (
			);
			inputFileListPaths = (
				"${PODS_ROOT}/Target Support Files/Pods-frmU/Pods-frmU-frameworks-${CONFIGURATION}-input-files.xcfilelist",
			);
			name = "[CP] Embed Pods Frameworks";
			outputFileListPaths = (
				"${PODS_ROOT}/Target Support Files/Pods-frmU/Pods-frmU-frameworks-${CONFIGURATION}-output-files.xcfilelist",
			);
			runOnlyForDeploymentPostprocessing = 0;
			shellPath = /bin/sh;
			shellScript = "\"${PODS_ROOT}/Target Support Files/Pods-frmU/Pods-frmU-frameworks.sh\"\n";
			showEnvVarsInLog = 0;
		};
/* End PBXShellScriptBuildPhase section */

/* Begin PBXSourcesBuildPhase section */
		D8EDC4042429796E00043589 /* Sources */ = {
			isa = PBXSourcesBuildPhase;
			buildActionMask = 2147483647;
			files = (
				328E25F9242C75BF0017464F /* EventsHostedTableViewCell.swift in Sources */,
				D8EDC447242AB1F600043589 /* PartyData.swift in Sources */,
				32FA40B2242E943300F130D7 /* CreateYourFriendSpaceViewController.swift in Sources */,
				32BF1FD3242C570A0021B918 /* CreatePartyTypeViewController.swift in Sources */,
				D810D04B245B8723001E7DD9 /* FinalizeDateViewController.swift in Sources */,
				D8EDC40C2429796E00043589 /* AppDelegate.swift in Sources */,
				32BF1FCF242B08C40021B918 /* PartyTimeCollectionViewCell.swift in Sources */,
				D815E707242D924C00958B0C /* friendSpace.swift in Sources */,
				32BF1FD1242C55F20021B918 /* PartyTypeCollectionViewCell.swift in Sources */,
				328E25F7242C72180017464F /* ProfilePageViewController.swift in Sources */,
				32BF1FC9242AFAD40021B918 /* VirtualPartyViewController.swift in Sources */,
				32FA40B8242EE62300F130D7 /* VoteTimeTableViewCell.swift in Sources */,
				32BF1FCD242B05070021B918 /* PostTableViewCell.swift in Sources */,
				D810D049245B86B6001E7DD9 /* FinalizeDateTableViewCell.swift in Sources */,
				C4186AE2245521DA005D5E7C /* CreateNewFSCollectionViewCell.swift in Sources */,
				32FA40B6242EE3B500F130D7 /* VoteTimeViewController.swift in Sources */,
				D80B37F3242C1D7F0034660C /* ChooseDateTableViewCell.swift in Sources */,
				328E25FB242C75CA0017464F /* EventsJoinedTableViewCell.swift in Sources */,
				D8EDC40E2429796E00043589 /* SceneDelegate.swift in Sources */,
				C497F1E9242D5F6300AC2F2B /* Chat.swift in Sources */,
				D815E701242C88F100958B0C /* LoginViewController.swift in Sources */,
				D80B37F1242C1AFC0034660C /* MakeDetailViewController.swift in Sources */,
				32FA40B4242E98AD00F130D7 /* FriendTableViewCell.swift in Sources */,
				D8EDC4162429796E00043589 /* frmU.xcdatamodeld in Sources */,
				C497F1E7242D5F3D00AC2F2B /* Message.swift in Sources */,
				C4186AE424552220005D5E7C /* TypeCollectionViewCell.swift in Sources */,
				C497F1ED242D7D1A00AC2F2B /* ChatViewController.swift in Sources */,
				D8EDC449242ACAB300043589 /* User.swift in Sources */,
			);
			runOnlyForDeploymentPostprocessing = 0;
		};
		D8EDC41D2429797200043589 /* Sources */ = {
			isa = PBXSourcesBuildPhase;
			buildActionMask = 2147483647;
			files = (
				D8EDC4262429797200043589 /* frmUTests.swift in Sources */,
			);
			runOnlyForDeploymentPostprocessing = 0;
		};
		D8EDC4282429797200043589 /* Sources */ = {
			isa = PBXSourcesBuildPhase;
			buildActionMask = 2147483647;
			files = (
				D8EDC4312429797200043589 /* frmUUITests.swift in Sources */,
			);
			runOnlyForDeploymentPostprocessing = 0;
		};
/* End PBXSourcesBuildPhase section */

/* Begin PBXTargetDependency section */
		D8EDC4232429797200043589 /* PBXTargetDependency */ = {
			isa = PBXTargetDependency;
			target = D8EDC4072429796E00043589 /* frmU */;
			targetProxy = D8EDC4222429797200043589 /* PBXContainerItemProxy */;
		};
		D8EDC42E2429797200043589 /* PBXTargetDependency */ = {
			isa = PBXTargetDependency;
			target = D8EDC4072429796E00043589 /* frmU */;
			targetProxy = D8EDC42D2429797200043589 /* PBXContainerItemProxy */;
		};
/* End PBXTargetDependency section */

/* Begin PBXVariantGroup section */
		D8EDC4112429796E00043589 /* Main.storyboard */ = {
			isa = PBXVariantGroup;
			children = (
				D8EDC4122429796E00043589 /* Base */,
			);
			name = Main.storyboard;
			sourceTree = "<group>";
		};
		D8EDC4192429797200043589 /* LaunchScreen.storyboard */ = {
			isa = PBXVariantGroup;
			children = (
				D8EDC41A2429797200043589 /* Base */,
			);
			name = LaunchScreen.storyboard;
			sourceTree = "<group>";
		};
/* End PBXVariantGroup section */

/* Begin XCBuildConfiguration section */
		D8EDC4332429797200043589 /* Debug */ = {
			isa = XCBuildConfiguration;
			buildSettings = {
				ALWAYS_SEARCH_USER_PATHS = NO;
				CLANG_ANALYZER_NONNULL = YES;
				CLANG_ANALYZER_NUMBER_OBJECT_CONVERSION = YES_AGGRESSIVE;
				CLANG_CXX_LANGUAGE_STANDARD = "gnu++14";
				CLANG_CXX_LIBRARY = "libc++";
				CLANG_ENABLE_MODULES = YES;
				CLANG_ENABLE_OBJC_ARC = YES;
				CLANG_ENABLE_OBJC_WEAK = YES;
				CLANG_WARN_BLOCK_CAPTURE_AUTORELEASING = YES;
				CLANG_WARN_BOOL_CONVERSION = YES;
				CLANG_WARN_COMMA = YES;
				CLANG_WARN_CONSTANT_CONVERSION = YES;
				CLANG_WARN_DEPRECATED_OBJC_IMPLEMENTATIONS = YES;
				CLANG_WARN_DIRECT_OBJC_ISA_USAGE = YES_ERROR;
				CLANG_WARN_DOCUMENTATION_COMMENTS = YES;
				CLANG_WARN_EMPTY_BODY = YES;
				CLANG_WARN_ENUM_CONVERSION = YES;
				CLANG_WARN_INFINITE_RECURSION = YES;
				CLANG_WARN_INT_CONVERSION = YES;
				CLANG_WARN_NON_LITERAL_NULL_CONVERSION = YES;
				CLANG_WARN_OBJC_IMPLICIT_RETAIN_SELF = YES;
				CLANG_WARN_OBJC_LITERAL_CONVERSION = YES;
				CLANG_WARN_OBJC_ROOT_CLASS = YES_ERROR;
				CLANG_WARN_RANGE_LOOP_ANALYSIS = YES;
				CLANG_WARN_STRICT_PROTOTYPES = YES;
				CLANG_WARN_SUSPICIOUS_MOVE = YES;
				CLANG_WARN_UNGUARDED_AVAILABILITY = YES_AGGRESSIVE;
				CLANG_WARN_UNREACHABLE_CODE = YES;
				CLANG_WARN__DUPLICATE_METHOD_MATCH = YES;
				COPY_PHASE_STRIP = NO;
				DEBUG_INFORMATION_FORMAT = dwarf;
				ENABLE_STRICT_OBJC_MSGSEND = YES;
				ENABLE_TESTABILITY = YES;
				GCC_C_LANGUAGE_STANDARD = gnu11;
				GCC_DYNAMIC_NO_PIC = NO;
				GCC_NO_COMMON_BLOCKS = YES;
				GCC_OPTIMIZATION_LEVEL = 0;
				GCC_PREPROCESSOR_DEFINITIONS = (
					"DEBUG=1",
					"$(inherited)",
				);
				GCC_WARN_64_TO_32_BIT_CONVERSION = YES;
				GCC_WARN_ABOUT_RETURN_TYPE = YES_ERROR;
				GCC_WARN_UNDECLARED_SELECTOR = YES;
				GCC_WARN_UNINITIALIZED_AUTOS = YES_AGGRESSIVE;
				GCC_WARN_UNUSED_FUNCTION = YES;
				GCC_WARN_UNUSED_VARIABLE = YES;
				IPHONEOS_DEPLOYMENT_TARGET = 13.2;
				MTL_ENABLE_DEBUG_INFO = INCLUDE_SOURCE;
				MTL_FAST_MATH = YES;
				ONLY_ACTIVE_ARCH = YES;
				SDKROOT = iphoneos;
				SWIFT_ACTIVE_COMPILATION_CONDITIONS = DEBUG;
				SWIFT_OPTIMIZATION_LEVEL = "-Onone";
			};
			name = Debug;
		};
		D8EDC4342429797200043589 /* Release */ = {
			isa = XCBuildConfiguration;
			buildSettings = {
				ALWAYS_SEARCH_USER_PATHS = NO;
				CLANG_ANALYZER_NONNULL = YES;
				CLANG_ANALYZER_NUMBER_OBJECT_CONVERSION = YES_AGGRESSIVE;
				CLANG_CXX_LANGUAGE_STANDARD = "gnu++14";
				CLANG_CXX_LIBRARY = "libc++";
				CLANG_ENABLE_MODULES = YES;
				CLANG_ENABLE_OBJC_ARC = YES;
				CLANG_ENABLE_OBJC_WEAK = YES;
				CLANG_WARN_BLOCK_CAPTURE_AUTORELEASING = YES;
				CLANG_WARN_BOOL_CONVERSION = YES;
				CLANG_WARN_COMMA = YES;
				CLANG_WARN_CONSTANT_CONVERSION = YES;
				CLANG_WARN_DEPRECATED_OBJC_IMPLEMENTATIONS = YES;
				CLANG_WARN_DIRECT_OBJC_ISA_USAGE = YES_ERROR;
				CLANG_WARN_DOCUMENTATION_COMMENTS = YES;
				CLANG_WARN_EMPTY_BODY = YES;
				CLANG_WARN_ENUM_CONVERSION = YES;
				CLANG_WARN_INFINITE_RECURSION = YES;
				CLANG_WARN_INT_CONVERSION = YES;
				CLANG_WARN_NON_LITERAL_NULL_CONVERSION = YES;
				CLANG_WARN_OBJC_IMPLICIT_RETAIN_SELF = YES;
				CLANG_WARN_OBJC_LITERAL_CONVERSION = YES;
				CLANG_WARN_OBJC_ROOT_CLASS = YES_ERROR;
				CLANG_WARN_RANGE_LOOP_ANALYSIS = YES;
				CLANG_WARN_STRICT_PROTOTYPES = YES;
				CLANG_WARN_SUSPICIOUS_MOVE = YES;
				CLANG_WARN_UNGUARDED_AVAILABILITY = YES_AGGRESSIVE;
				CLANG_WARN_UNREACHABLE_CODE = YES;
				CLANG_WARN__DUPLICATE_METHOD_MATCH = YES;
				COPY_PHASE_STRIP = NO;
				DEBUG_INFORMATION_FORMAT = "dwarf-with-dsym";
				ENABLE_NS_ASSERTIONS = NO;
				ENABLE_STRICT_OBJC_MSGSEND = YES;
				GCC_C_LANGUAGE_STANDARD = gnu11;
				GCC_NO_COMMON_BLOCKS = YES;
				GCC_WARN_64_TO_32_BIT_CONVERSION = YES;
				GCC_WARN_ABOUT_RETURN_TYPE = YES_ERROR;
				GCC_WARN_UNDECLARED_SELECTOR = YES;
				GCC_WARN_UNINITIALIZED_AUTOS = YES_AGGRESSIVE;
				GCC_WARN_UNUSED_FUNCTION = YES;
				GCC_WARN_UNUSED_VARIABLE = YES;
				IPHONEOS_DEPLOYMENT_TARGET = 13.2;
				MTL_ENABLE_DEBUG_INFO = NO;
				MTL_FAST_MATH = YES;
				SDKROOT = iphoneos;
				SWIFT_COMPILATION_MODE = wholemodule;
				SWIFT_OPTIMIZATION_LEVEL = "-O";
				VALIDATE_PRODUCT = YES;
			};
			name = Release;
		};
		D8EDC4362429797200043589 /* Debug */ = {
			isa = XCBuildConfiguration;
			baseConfigurationReference = 04E08814357B49B80419CF59 /* Pods-frmU.debug.xcconfig */;
			buildSettings = {
				ASSETCATALOG_COMPILER_APPICON_NAME = AppIcon;
				CODE_SIGN_STYLE = Automatic;
				DEVELOPMENT_TEAM = DJZZG8UP4G;
				INFOPLIST_FILE = frmU/Info.plist;
				LD_RUNPATH_SEARCH_PATHS = (
					"$(inherited)",
					"@executable_path/Frameworks",
				);
				PRODUCT_BUNDLE_IDENTIFIER = berkeley.frmU.toppa;
				PRODUCT_NAME = "$(TARGET_NAME)";
				SWIFT_VERSION = 5.0;
				TARGETED_DEVICE_FAMILY = "1,2";
			};
			name = Debug;
		};
		D8EDC4372429797200043589 /* Release */ = {
			isa = XCBuildConfiguration;
			baseConfigurationReference = 278E9C1737862532FE89DDF2 /* Pods-frmU.release.xcconfig */;
			buildSettings = {
				ASSETCATALOG_COMPILER_APPICON_NAME = AppIcon;
				CODE_SIGN_STYLE = Automatic;
				DEVELOPMENT_TEAM = DJZZG8UP4G;
				INFOPLIST_FILE = frmU/Info.plist;
				LD_RUNPATH_SEARCH_PATHS = (
					"$(inherited)",
					"@executable_path/Frameworks",
				);
				PRODUCT_BUNDLE_IDENTIFIER = berkeley.frmU.toppa;
				PRODUCT_NAME = "$(TARGET_NAME)";
				SWIFT_VERSION = 5.0;
				TARGETED_DEVICE_FAMILY = "1,2";
			};
			name = Release;
		};
		D8EDC4392429797200043589 /* Debug */ = {
			isa = XCBuildConfiguration;
			baseConfigurationReference = 29F2A58231F3A590212C44CF /* Pods-frmUTests.debug.xcconfig */;
			buildSettings = {
				ALWAYS_EMBED_SWIFT_STANDARD_LIBRARIES = YES;
				BUNDLE_LOADER = "$(TEST_HOST)";
				CODE_SIGN_STYLE = Automatic;
				DEVELOPMENT_TEAM = 264SM8X3ZK;
				INFOPLIST_FILE = frmUTests/Info.plist;
				IPHONEOS_DEPLOYMENT_TARGET = 13.2;
				LD_RUNPATH_SEARCH_PATHS = (
					"$(inherited)",
					"@executable_path/Frameworks",
					"@loader_path/Frameworks",
				);
				PRODUCT_BUNDLE_IDENTIFIER = berkeley.frmUTests;
				PRODUCT_NAME = "$(TARGET_NAME)";
				SWIFT_VERSION = 5.0;
				TARGETED_DEVICE_FAMILY = "1,2";
				TEST_HOST = "$(BUILT_PRODUCTS_DIR)/frmU.app/frmU";
			};
			name = Debug;
		};
		D8EDC43A2429797200043589 /* Release */ = {
			isa = XCBuildConfiguration;
			baseConfigurationReference = 1714032EE717A7CFE715E90C /* Pods-frmUTests.release.xcconfig */;
			buildSettings = {
				ALWAYS_EMBED_SWIFT_STANDARD_LIBRARIES = YES;
				BUNDLE_LOADER = "$(TEST_HOST)";
				CODE_SIGN_STYLE = Automatic;
				DEVELOPMENT_TEAM = 264SM8X3ZK;
				INFOPLIST_FILE = frmUTests/Info.plist;
				IPHONEOS_DEPLOYMENT_TARGET = 13.2;
				LD_RUNPATH_SEARCH_PATHS = (
					"$(inherited)",
					"@executable_path/Frameworks",
					"@loader_path/Frameworks",
				);
				PRODUCT_BUNDLE_IDENTIFIER = berkeley.frmUTests;
				PRODUCT_NAME = "$(TARGET_NAME)";
				SWIFT_VERSION = 5.0;
				TARGETED_DEVICE_FAMILY = "1,2";
				TEST_HOST = "$(BUILT_PRODUCTS_DIR)/frmU.app/frmU";
			};
			name = Release;
		};
		D8EDC43C2429797200043589 /* Debug */ = {
			isa = XCBuildConfiguration;
			baseConfigurationReference = BBC6ABC6159FA8CD9F669F4B /* Pods-frmU-frmUUITests.debug.xcconfig */;
			buildSettings = {
				ALWAYS_EMBED_SWIFT_STANDARD_LIBRARIES = YES;
				CODE_SIGN_STYLE = Automatic;
				DEVELOPMENT_TEAM = 264SM8X3ZK;
				INFOPLIST_FILE = frmUUITests/Info.plist;
				LD_RUNPATH_SEARCH_PATHS = (
					"$(inherited)",
					"@executable_path/Frameworks",
					"@loader_path/Frameworks",
				);
				PRODUCT_BUNDLE_IDENTIFIER = berkeley.frmUUITests;
				PRODUCT_NAME = "$(TARGET_NAME)";
				SWIFT_VERSION = 5.0;
				TARGETED_DEVICE_FAMILY = "1,2";
				TEST_TARGET_NAME = frmU;
			};
			name = Debug;
		};
		D8EDC43D2429797200043589 /* Release */ = {
			isa = XCBuildConfiguration;
			baseConfigurationReference = 07ECACF0FD763F4F60A109C7 /* Pods-frmU-frmUUITests.release.xcconfig */;
			buildSettings = {
				ALWAYS_EMBED_SWIFT_STANDARD_LIBRARIES = YES;
				CODE_SIGN_STYLE = Automatic;
				DEVELOPMENT_TEAM = 264SM8X3ZK;
				INFOPLIST_FILE = frmUUITests/Info.plist;
				LD_RUNPATH_SEARCH_PATHS = (
					"$(inherited)",
					"@executable_path/Frameworks",
					"@loader_path/Frameworks",
				);
				PRODUCT_BUNDLE_IDENTIFIER = berkeley.frmUUITests;
				PRODUCT_NAME = "$(TARGET_NAME)";
				SWIFT_VERSION = 5.0;
				TARGETED_DEVICE_FAMILY = "1,2";
				TEST_TARGET_NAME = frmU;
			};
			name = Release;
		};
/* End XCBuildConfiguration section */

/* Begin XCConfigurationList section */
		D8EDC4032429796E00043589 /* Build configuration list for PBXProject "frmU" */ = {
			isa = XCConfigurationList;
			buildConfigurations = (
				D8EDC4332429797200043589 /* Debug */,
				D8EDC4342429797200043589 /* Release */,
			);
			defaultConfigurationIsVisible = 0;
			defaultConfigurationName = Release;
		};
		D8EDC4352429797200043589 /* Build configuration list for PBXNativeTarget "frmU" */ = {
			isa = XCConfigurationList;
			buildConfigurations = (
				D8EDC4362429797200043589 /* Debug */,
				D8EDC4372429797200043589 /* Release */,
			);
			defaultConfigurationIsVisible = 0;
			defaultConfigurationName = Release;
		};
		D8EDC4382429797200043589 /* Build configuration list for PBXNativeTarget "frmUTests" */ = {
			isa = XCConfigurationList;
			buildConfigurations = (
				D8EDC4392429797200043589 /* Debug */,
				D8EDC43A2429797200043589 /* Release */,
			);
			defaultConfigurationIsVisible = 0;
			defaultConfigurationName = Release;
		};
		D8EDC43B2429797200043589 /* Build configuration list for PBXNativeTarget "frmUUITests" */ = {
			isa = XCConfigurationList;
			buildConfigurations = (
				D8EDC43C2429797200043589 /* Debug */,
				D8EDC43D2429797200043589 /* Release */,
			);
			defaultConfigurationIsVisible = 0;
			defaultConfigurationName = Release;
		};
/* End XCConfigurationList section */

/* Begin XCVersionGroup section */
		D8EDC4142429796E00043589 /* frmU.xcdatamodeld */ = {
			isa = XCVersionGroup;
			children = (
				D8EDC4152429796E00043589 /* frmU.xcdatamodel */,
			);
			currentVersion = D8EDC4152429796E00043589 /* frmU.xcdatamodel */;
			path = frmU.xcdatamodeld;
			sourceTree = "<group>";
			versionGroupType = wrapper.xcdatamodel;
		};
/* End XCVersionGroup section */
	};
	rootObject = D8EDC4002429796E00043589 /* Project object */;
}
